{
  "name": "text-mask-collection",
  "version": "1.0.0",
  "lockfileVersion": 1,
  "requires": true,
  "dependencies": {
    "text-mask-core": {
      "version": "5.0.1",
      "resolved": "https://registry.npmjs.org/text-mask-core/-/text-mask-core-5.0.1.tgz",
      "integrity": "sha1-htt0K9/jtMODu1GjtMo0LIYRBjk="
    }
  }
}
